
Microsoft Visual Studio Solution File, Format Version 10.00
# Visual C# Express 2008
Project("{FAE04EC0-301F-11D3-BF4B-00C04F79EFBC}") = "Var", "Var\Var.csproj", "{D24A9FF5-72F3-49E6-99F0-D26E2C7DA630}"
EndProject
Global
	GlobalSection(SolutionConfigurationPlatforms) = preSolution
		Debug|Any CPU = Debug|Any CPU
		Release|Any CPU = Release|Any CPU
	EndGlobalSection
	GlobalSection(ProjectConfigurationPlatforms) = postSolution
		{D24A9FF5-72F3-49E6-99F0-D26E2C7DA630}.Debug|Any CPU.ActiveCfg = Debug|Any CPU
		{D24A9FF5-72F3-49E6-99F0-D26E2C7DA630}.Debug|Any CPU.Build.0 = Debug|Any CPU
		{D24A9FF5-72F3-49E6-99F0-D26E2C7DA630}.Release|Any CPU.ActiveCfg = Release|Any CPU
		{D24A9FF5-72F3-49E6-99F0-D26E2C7DA630}.Release|Any CPU.Build.0 = Release|Any CPU
	EndGlobalSection
	GlobalSection(SolutionProperties) = preSolution
		HideSolutionNode = FALSE
	EndGlobalSection
EndGlobal
