
Microsoft Visual Studio Solution File, Format Version 11.00
# Visual Studio 2010 Express for Windows Phone
Project("{FAE04EC0-301F-11D3-BF4B-00C04F79EFBC}") = "NavigationService_", "NavigationService_\NavigationService_.csproj", "{C8FC4B62-E2CD-47E2-B0A6-03A427BD844C}"
EndProject
Global
	GlobalSection(SolutionConfigurationPlatforms) = preSolution
		Debug|Any CPU = Debug|Any CPU
		Release|Any CPU = Release|Any CPU
	EndGlobalSection
	GlobalSection(ProjectConfigurationPlatforms) = postSolution
		{C8FC4B62-E2CD-47E2-B0A6-03A427BD844C}.Debug|Any CPU.ActiveCfg = Debug|Any CPU
		{C8FC4B62-E2CD-47E2-B0A6-03A427BD844C}.Debug|Any CPU.Build.0 = Debug|Any CPU
		{C8FC4B62-E2CD-47E2-B0A6-03A427BD844C}.Debug|Any CPU.Deploy.0 = Debug|Any CPU
		{C8FC4B62-E2CD-47E2-B0A6-03A427BD844C}.Release|Any CPU.ActiveCfg = Release|Any CPU
		{C8FC4B62-E2CD-47E2-B0A6-03A427BD844C}.Release|Any CPU.Build.0 = Release|Any CPU
		{C8FC4B62-E2CD-47E2-B0A6-03A427BD844C}.Release|Any CPU.Deploy.0 = Release|Any CPU
	EndGlobalSection
	GlobalSection(SolutionProperties) = preSolution
		HideSolutionNode = FALSE
	EndGlobalSection
EndGlobal
