
Microsoft Visual Studio Solution File, Format Version 9.00
# Visual Studio 2005
Project("{8BC9CEB8-8B4A-11D0-8D11-00A0C91BC942}") = "EDIT_WindowClass", "EDIT_WindowClass\EDIT_WindowClass.vcproj", "{1F88A65A-EE0B-4EE9-A206-DFEF15C1EA62}"
EndProject
Global
	GlobalSection(SolutionConfigurationPlatforms) = preSolution
		Debug|Win32 = Debug|Win32
		Release|Win32 = Release|Win32
	EndGlobalSection
	GlobalSection(ProjectConfigurationPlatforms) = postSolution
		{1F88A65A-EE0B-4EE9-A206-DFEF15C1EA62}.Debug|Win32.ActiveCfg = Debug|Win32
		{1F88A65A-EE0B-4EE9-A206-DFEF15C1EA62}.Debug|Win32.Build.0 = Debug|Win32
		{1F88A65A-EE0B-4EE9-A206-DFEF15C1EA62}.Release|Win32.ActiveCfg = Release|Win32
		{1F88A65A-EE0B-4EE9-A206-DFEF15C1EA62}.Release|Win32.Build.0 = Release|Win32
	EndGlobalSection
	GlobalSection(SolutionProperties) = preSolution
		HideSolutionNode = FALSE
	EndGlobalSection
EndGlobal
