
Microsoft Visual Studio Solution File, Format Version 11.00
# Visual Studio 2010 Express for Windows Phone
Project("{FAE04EC0-301F-11D3-BF4B-00C04F79EFBC}") = "SolidColorBrush_", "SolidColorBrush_\SolidColorBrush_.csproj", "{8405A481-2475-4EEE-8042-486E83EB6D2A}"
EndProject
Global
	GlobalSection(SolutionConfigurationPlatforms) = preSolution
		Debug|Any CPU = Debug|Any CPU
		Release|Any CPU = Release|Any CPU
	EndGlobalSection
	GlobalSection(ProjectConfigurationPlatforms) = postSolution
		{8405A481-2475-4EEE-8042-486E83EB6D2A}.Debug|Any CPU.ActiveCfg = Debug|Any CPU
		{8405A481-2475-4EEE-8042-486E83EB6D2A}.Debug|Any CPU.Build.0 = Debug|Any CPU
		{8405A481-2475-4EEE-8042-486E83EB6D2A}.Debug|Any CPU.Deploy.0 = Debug|Any CPU
		{8405A481-2475-4EEE-8042-486E83EB6D2A}.Release|Any CPU.ActiveCfg = Release|Any CPU
		{8405A481-2475-4EEE-8042-486E83EB6D2A}.Release|Any CPU.Build.0 = Release|Any CPU
		{8405A481-2475-4EEE-8042-486E83EB6D2A}.Release|Any CPU.Deploy.0 = Release|Any CPU
	EndGlobalSection
	GlobalSection(SolutionProperties) = preSolution
		HideSolutionNode = FALSE
	EndGlobalSection
EndGlobal
