
Microsoft Visual Studio Solution File, Format Version 9.00
# Visual Studio 2005
Project("{FAE04EC0-301F-11D3-BF4B-00C04F79EFBC}") = "Indexer", "Indexer\Indexer.csproj", "{9F8FDB7A-FA89-44DE-B436-81F69E8E6301}"
EndProject
Global
	GlobalSection(SolutionConfigurationPlatforms) = preSolution
		Debug|Any CPU = Debug|Any CPU
		Release|Any CPU = Release|Any CPU
	EndGlobalSection
	GlobalSection(ProjectConfigurationPlatforms) = postSolution
		{9F8FDB7A-FA89-44DE-B436-81F69E8E6301}.Debug|Any CPU.ActiveCfg = Debug|Any CPU
		{9F8FDB7A-FA89-44DE-B436-81F69E8E6301}.Debug|Any CPU.Build.0 = Debug|Any CPU
		{9F8FDB7A-FA89-44DE-B436-81F69E8E6301}.Release|Any CPU.ActiveCfg = Release|Any CPU
		{9F8FDB7A-FA89-44DE-B436-81F69E8E6301}.Release|Any CPU.Build.0 = Release|Any CPU
	EndGlobalSection
	GlobalSection(SolutionProperties) = preSolution
		HideSolutionNode = FALSE
	EndGlobalSection
EndGlobal
