
Microsoft Visual Studio Solution File, Format Version 9.00
# Visual Studio 2005
Project("{8BC9CEB8-8B4A-11D0-8D11-00A0C91BC942}") = "WindowProc", "WindowProc\WindowProc.vcproj", "{A5C0E721-85BA-450A-9E01-BFA8833D83AB}"
EndProject
Global
	GlobalSection(SolutionConfigurationPlatforms) = preSolution
		Debug|Win32 = Debug|Win32
		Release|Win32 = Release|Win32
	EndGlobalSection
	GlobalSection(ProjectConfigurationPlatforms) = postSolution
		{A5C0E721-85BA-450A-9E01-BFA8833D83AB}.Debug|Win32.ActiveCfg = Debug|Win32
		{A5C0E721-85BA-450A-9E01-BFA8833D83AB}.Debug|Win32.Build.0 = Debug|Win32
		{A5C0E721-85BA-450A-9E01-BFA8833D83AB}.Release|Win32.ActiveCfg = Release|Win32
		{A5C0E721-85BA-450A-9E01-BFA8833D83AB}.Release|Win32.Build.0 = Release|Win32
	EndGlobalSection
	GlobalSection(SolutionProperties) = preSolution
		HideSolutionNode = FALSE
	EndGlobalSection
EndGlobal
