
Microsoft Visual Studio Solution File, Format Version 9.00
# Visual Studio 2005
Project("{8BC9CEB8-8B4A-11D0-8D11-00A0C91BC942}") = "LineTo", "LineTo\LineTo.vcproj", "{60D62FAC-B6F4-4EFE-9D1D-FBCBE5880DEF}"
EndProject
Global
	GlobalSection(SolutionConfigurationPlatforms) = preSolution
		Debug|Win32 = Debug|Win32
		Release|Win32 = Release|Win32
	EndGlobalSection
	GlobalSection(ProjectConfigurationPlatforms) = postSolution
		{60D62FAC-B6F4-4EFE-9D1D-FBCBE5880DEF}.Debug|Win32.ActiveCfg = Debug|Win32
		{60D62FAC-B6F4-4EFE-9D1D-FBCBE5880DEF}.Debug|Win32.Build.0 = Debug|Win32
		{60D62FAC-B6F4-4EFE-9D1D-FBCBE5880DEF}.Release|Win32.ActiveCfg = Release|Win32
		{60D62FAC-B6F4-4EFE-9D1D-FBCBE5880DEF}.Release|Win32.Build.0 = Release|Win32
	EndGlobalSection
	GlobalSection(SolutionProperties) = preSolution
		HideSolutionNode = FALSE
	EndGlobalSection
EndGlobal
