
Microsoft Visual Studio Solution File, Format Version 9.00
# Visual Studio 2005
Project("{8BC9CEB8-8B4A-11D0-8D11-00A0C91BC942}") = "SelectObject", "SelectObject\SelectObject.vcproj", "{BEF4AE70-534C-4317-A05D-49D681DBBDDB}"
EndProject
Global
	GlobalSection(SolutionConfigurationPlatforms) = preSolution
		Debug|Win32 = Debug|Win32
		Release|Win32 = Release|Win32
	EndGlobalSection
	GlobalSection(ProjectConfigurationPlatforms) = postSolution
		{BEF4AE70-534C-4317-A05D-49D681DBBDDB}.Debug|Win32.ActiveCfg = Debug|Win32
		{BEF4AE70-534C-4317-A05D-49D681DBBDDB}.Debug|Win32.Build.0 = Debug|Win32
		{BEF4AE70-534C-4317-A05D-49D681DBBDDB}.Release|Win32.ActiveCfg = Release|Win32
		{BEF4AE70-534C-4317-A05D-49D681DBBDDB}.Release|Win32.Build.0 = Release|Win32
	EndGlobalSection
	GlobalSection(SolutionProperties) = preSolution
		HideSolutionNode = FALSE
	EndGlobalSection
EndGlobal
