
Microsoft Visual Studio Solution File, Format Version 9.00
# Visual Studio 2005
Project("{8BC9CEB8-8B4A-11D0-8D11-00A0C91BC942}") = "output_operator", "output_operator\output_operator.vcproj", "{4FA2835B-3897-41C3-8648-909A81E23DCE}"
EndProject
Global
	GlobalSection(SolutionConfigurationPlatforms) = preSolution
		Debug|Win32 = Debug|Win32
		Release|Win32 = Release|Win32
	EndGlobalSection
	GlobalSection(ProjectConfigurationPlatforms) = postSolution
		{4FA2835B-3897-41C3-8648-909A81E23DCE}.Debug|Win32.ActiveCfg = Debug|Win32
		{4FA2835B-3897-41C3-8648-909A81E23DCE}.Debug|Win32.Build.0 = Debug|Win32
		{4FA2835B-3897-41C3-8648-909A81E23DCE}.Release|Win32.ActiveCfg = Release|Win32
		{4FA2835B-3897-41C3-8648-909A81E23DCE}.Release|Win32.Build.0 = Release|Win32
	EndGlobalSection
	GlobalSection(SolutionProperties) = preSolution
		HideSolutionNode = FALSE
	EndGlobalSection
EndGlobal
